// !$*UTF8*$!
{
	archiveVersion = 1;
	classes = {
	};
	objectVersion = 77;
	objects = {

/* Begin PBXContainerItemProxy section */
		3BFB23BF2E41EF860014FB04 /* PBXContainerItemProxy */ = {
			isa = PBXContainerItemProxy;
			containerPortal = 3BFB23A92E41EF840014FB04 /* Project object */;
			proxyType = 1;
			remoteGlobalIDString = 3BFB23B02E41EF840014FB04;
			remoteInfo = BloomingBooks;
		};
		3BFB23C92E41EF860014FB04 /* PBXContainerItemProxy */ = {
			isa = PBXContainerItemProxy;
			containerPortal = 3BFB23A92E41EF840014FB04 /* Project object */;
			proxyType = 1;
			remoteGlobalIDString = 3BFB23B02E41EF840014FB04;
			remoteInfo = BloomingBooks;
		};
/* End PBXContainerItemProxy section */

/* Begin PBXFileReference section */
		3BFB23B12E41EF840014FB04 /* BloomingBooks.app */ = {isa = PBXFileReference; explicitFileType = wrapper.application; includeInIndex = 0; path = BloomingBooks.app; sourceTree = BUILT_PRODUCTS_DIR; };
		3BFB23BE2E41EF860014FB04 /* BloomingBooksTests.xctest */ = {isa = PBXFileReference; explicitFileType = wrapper.cfbundle; includeInIndex = 0; path = BloomingBooksTests.xctest; sourceTree = BUILT_PRODUCTS_DIR; };
		3BFB23C82E41EF860014FB04 /* BloomingBooksUITests.xctest */ = {isa = PBXFileReference; explicitFileType = wrapper.cfbundle; includeInIndex = 0; path = BloomingBooksUITests.xctest; sourceTree = BUILT_PRODUCTS_DIR; };
/* End PBXFileReference section */

/* Begin PBXFileSystemSynchronizedRootGroup section */
		3BFB23B32E41EF840014FB04 /* BloomingBooks */ = {
			isa = PBXFileSystemSynchronizedRootGroup;
			path = BloomingBooks;
			sourceTree = "<group>";
		};
		3BFB23C12E41EF860014FB04 /* BloomingBooksTests */ = {
			isa = PBXFileSystemSynchronizedRootGroup;
			path = BloomingBooksTests;
			sourceTree = "<group>";
		};
		3BFB23CB2E41EF860014FB04 /* BloomingBooksUITests */ = {
			isa = PBXFileSystemSynchronizedRootGroup;
			path = BloomingBooksUITests;
			sourceTree = "<group>";
		};
/* End PBXFileSystemSynchronizedRootGroup section */

/* Begin PBXFrameworksBuildPhase section */
		3BFB23AE2E41EF840014FB04 /* Frameworks */ = {
			isa = PBXFrameworksBuildPhase;
			buildActionMask = 2147483647;
			files = (
			);
			runOnlyForDeploymentPostprocessing = 0;
		};
		3BFB23BB2E41EF860014FB04 /* Frameworks */ = {
			isa = PBXFrameworksBuildPhase;
			buildActionMask = 2147483647;
			files = (
			);
			runOnlyForDeploymentPostprocessing = 0;
		};
		3BFB23C52E41EF860014FB04 /* Frameworks */ = {
			isa = PBXFrameworksBuildPhase;
			buildActionMask = 2147483647;
			files = (
			);
			runOnlyForDeploymentPostprocessing = 0;
		};
/* End PBXFrameworksBuildPhase section */

/* Begin PBXGroup section */
		3BFB23A82E41EF840014FB04 = {
			isa = PBXGroup;
			children = (
				3BFB23B32E41EF840014FB04 /* BloomingBooks */,
				3BFB23C12E41EF860014FB04 /* BloomingBooksTests */,
				3BFB23CB2E41EF860014FB04 /* BloomingBooksUITests */,
				3BFB23B22E41EF840014FB04 /* Products */,
			);
			sourceTree = "<group>";
		};
		3BFB23B22E41EF840014FB04 /* Products */ = {
			isa = PBXGroup;
			children = (
				3BFB23B12E41EF840014FB04 /* BloomingBooks.app */,
				3BFB23BE2E41EF860014FB04 /* BloomingBooksTests.xctest */,
				3BFB23C82E41EF860014FB04 /* BloomingBooksUITests.xctest */,
			);
			name = Products;
			sourceTree = "<group>";
		};
/* End PBXGroup section */

/* Begin PBXNativeTarget section */
		3BFB23B02E41EF840014FB04 /* BloomingBooks */ = {
			isa = PBXNativeTarget;
			buildConfigurationList = 3BFB23D22E41EF860014FB04 /* Build configuration list for PBXNativeTarget "BloomingBooks" */;
			buildPhases = (
				3BFB23AD2E41EF840014FB04 /* Sources */,
				3BFB23AE2E41EF840014FB04 /* Frameworks */,
				3BFB23AF2E41EF840014FB04 /* Resources */,
			);
			buildRules = (
			);
			dependencies = (
			);
			fileSystemSynchronizedGroups = (
				3BFB23B32E41EF840014FB04 /* BloomingBooks */,
			);
			name = BloomingBooks;
			packageProductDependencies = (
			);
			productName = BloomingBooks;
			productReference = 3BFB23B12E41EF840014FB04 /* BloomingBooks.app */;
			productType = "com.apple.product-type.application";
		};
		3BFB23BD2E41EF860014FB04 /* BloomingBooksTests */ = {
			isa = PBXNativeTarget;
			buildConfigurationList = 3BFB23D52E41EF860014FB04 /* Build configuration list for PBXNativeTarget "BloomingBooksTests" */;
			buildPhases = (
				3BFB23BA2E41EF860014FB04 /* Sources */,
				3BFB23BB2E41EF860014FB04 /* Frameworks */,
				3BFB23BC2E41EF860014FB04 /* Resources */,
			);
			buildRules = (
			);
			dependencies = (
				3BFB23C02E41EF860014FB04 /* PBXTargetDependency */,
			);
			fileSystemSynchronizedGroups = (
				3BFB23C12E41EF860014FB04 /* BloomingBooksTests */,
			);
			name = BloomingBooksTests;
			packageProductDependencies = (
			);
			productName = BloomingBooksTests;
			productReference = 3BFB23BE2E41EF860014FB04 /* BloomingBooksTests.xctest */;
			productType = "com.apple.product-type.bundle.unit-test";
		};
		3BFB23C72E41EF860014FB04 /* BloomingBooksUITests */ = {
			isa = PBXNativeTarget;
			buildConfigurationList = 3BFB23D82E41EF860014FB04 /* Build configuration list for PBXNativeTarget "BloomingBooksUITests" */;
			buildPhases = (
				3BFB23C42E41EF860014FB04 /* Sources */,
				3BFB23C52E41EF860014FB04 /* Frameworks */,
				3BFB23C62E41EF860014FB04 /* Resources */,
			);
			buildRules = (
			);
			dependencies = (
				3BFB23CA2E41EF860014FB04 /* PBXTargetDependency */,
			);
			fileSystemSynchronizedGroups = (
				3BFB23CB2E41EF860014FB04 /* BloomingBooksUITests */,
			);
			name = BloomingBooksUITests;
			packageProductDependencies = (
			);
			productName = BloomingBooksUITests;
			productReference = 3BFB23C82E41EF860014FB04 /* BloomingBooksUITests.xctest */;
			productType = "com.apple.product-type.bundle.ui-testing";
		};
/* End PBXNativeTarget section */

/* Begin PBXProject section */
		3BFB23A92E41EF840014FB04 /* Project object */ = {
			isa = PBXProject;
			attributes = {
				BuildIndependentTargetsInParallel = 1;
				LastSwiftUpdateCheck = 1630;
				LastUpgradeCheck = 1630;
				TargetAttributes = {
					3BFB23B02E41EF840014FB04 = {
						CreatedOnToolsVersion = 16.3;
					};
					3BFB23BD2E41EF860014FB04 = {
						CreatedOnToolsVersion = 16.3;
						TestTargetID = 3BFB23B02E41EF840014FB04;
					};
					3BFB23C72E41EF860014FB04 = {
						CreatedOnToolsVersion = 16.3;
						TestTargetID = 3BFB23B02E41EF840014FB04;
					};
				};
			};
			buildConfigurationList = 3BFB23AC2E41EF840014FB04 /* Build configuration list for PBXProject "BloomingBooks" */;
			developmentRegion = en;
			hasScannedForEncodings = 0;
			knownRegions = (
				en,
				Base,
			);
			mainGroup = 3BFB23A82E41EF840014FB04;
			minimizedProjectReferenceProxies = 1;
			preferredProjectObjectVersion = 77;
			productRefGroup = 3BFB23B22E41EF840014FB04 /* Products */;
			projectDirPath = "";
			projectRoot = "";
			targets = (
				3BFB23B02E41EF840014FB04 /* BloomingBooks */,
				3BFB23BD2E41EF860014FB04 /* BloomingBooksTests */,
				3BFB23C72E41EF860014FB04 /* BloomingBooksUITests */,
			);
		};
/* End PBXProject section */

/* Begin PBXResourcesBuildPhase section */
		3BFB23AF2E41EF840014FB04 /* Resources */ = {
			isa = PBXResourcesBuildPhase;
			buildActionMask = 2147483647;
			files = (
			);
			runOnlyForDeploymentPostprocessing = 0;
		};
		3BFB23BC2E41EF860014FB04 /* Resources */ = {
			isa = PBXResourcesBuildPhase;
			buildActionMask = 2147483647;
			files = (
			);
			runOnlyForDeploymentPostprocessing = 0;
		};
		3BFB23C62E41EF860014FB04 /* Resources */ = {
			isa = PBXResourcesBuildPhase;
			buildActionMask = 2147483647;
			files = (
			);
			runOnlyForDeploymentPostprocessing = 0;
		};
/* End PBXResourcesBuildPhase section */

/* Begin PBXSourcesBuildPhase section */
		3BFB23AD2E41EF840014FB04 /* Sources */ = {
			isa = PBXSourcesBuildPhase;
			buildActionMask = 2147483647;
			files = (
			);
			runOnlyForDeploymentPostprocessing = 0;
		};
		3BFB23BA2E41EF860014FB04 /* Sources */ = {
			isa = PBXSourcesBuildPhase;
			buildActionMask = 2147483647;
			files = (
			);
			runOnlyForDeploymentPostprocessing = 0;
		};
		3BFB23C42E41EF860014FB04 /* Sources */ = {
			isa = PBXSourcesBuildPhase;
			buildActionMask = 2147483647;
			files = (
			);
			runOnlyForDeploymentPostprocessing = 0;
		};
/* End PBXSourcesBuildPhase section */

/* Begin PBXTargetDependency section */
		3BFB23C02E41EF860014FB04 /* PBXTargetDependency */ = {
			isa = PBXTargetDependency;
			target = 3BFB23B02E41EF840014FB04 /* BloomingBooks */;
			targetProxy = 3BFB23BF2E41EF860014FB04 /* PBXContainerItemProxy */;
		};
		3BFB23CA2E41EF860014FB04 /* PBXTargetDependency */ = {
			isa = PBXTargetDependency;
			target = 3BFB23B02E41EF840014FB04 /* BloomingBooks */;
			targetProxy = 3BFB23C92E41EF860014FB04 /* PBXContainerItemProxy */;
		};
/* End PBXTargetDependency section */

/* Begin XCBuildConfiguration section */
		3BFB23D02E41EF860014FB04 /* Debug */ = {
			isa = XCBuildConfiguration;
			buildSettings = {
				ALWAYS_SEARCH_USER_PATHS = NO;
				ASSETCATALOG_COMPILER_GENERATE_SWIFT_ASSET_SYMBOL_EXTENSIONS = YES;
				CLANG_ANALYZER_NONNULL = YES;
				CLANG_ANALYZER_NUMBER_OBJECT_CONVERSION = YES_AGGRESSIVE;
				CLANG_CXX_LANGUAGE_STANDARD = "gnu++20";
				CLANG_ENABLE_MODULES = YES;
				CLANG_ENABLE_OBJC_ARC = YES;
				CLANG_ENABLE_OBJC_WEAK = YES;
				CLANG_WARN_BLOCK_CAPTURE_AUTORELEASING = YES;
				CLANG_WARN_BOOL_CONVERSION = YES;
				CLANG_WARN_COMMA = YES;
				CLANG_WARN_CONSTANT_CONVERSION = YES;
				CLANG_WARN_DEPRECATED_OBJC_IMPLEMENTATIONS = YES;
				CLANG_WARN_DIRECT_OBJC_ISA_USAGE = YES_ERROR;
				CLANG_WARN_DOCUMENTATION_COMMENTS = YES;
				CLANG_WARN_EMPTY_BODY = YES;
				CLANG_WARN_ENUM_CONVERSION = YES;
				CLANG_WARN_INFINITE_RECURSION = YES;
				CLANG_WARN_INT_CONVERSION = YES;
				CLANG_WARN_NON_LITERAL_NULL_CONVERSION = YES;
				CLANG_WARN_OBJC_IMPLICIT_RETAIN_SELF = YES;
				CLANG_WARN_OBJC_LITERAL_CONVERSION = YES;
				CLANG_WARN_OBJC_ROOT_CLASS = YES_ERROR;
				CLANG_WARN_QUOTED_INCLUDE_IN_FRAMEWORK_HEADER = YES;
				CLANG_WARN_RANGE_LOOP_ANALYSIS = YES;
				CLANG_WARN_STRICT_PROTOTYPES = YES;
				CLANG_WARN_SUSPICIOUS_MOVE = YES;
				CLANG_WARN_UNGUARDED_AVAILABILITY = YES_AGGRESSIVE;
				CLANG_WARN_UNREACHABLE_CODE = YES;
				CLANG_WARN__DUPLICATE_METHOD_MATCH = YES;
				COPY_PHASE_STRIP = NO;
				DEBUG_INFORMATION_FORMAT = dwarf;
				DEVELOPMENT_TEAM = 4PLCRBSSNK;
				ENABLE_STRICT_OBJC_MSGSEND = YES;
				ENABLE_TESTABILITY = YES;
				ENABLE_USER_SCRIPT_SANDBOXING = YES;
				GCC_C_LANGUAGE_STANDARD = gnu17;
				GCC_DYNAMIC_NO_PIC = NO;
				GCC_NO_COMMON_BLOCKS = YES;
				GCC_OPTIMIZATION_LEVEL = 0;
				GCC_PREPROCESSOR_DEFINITIONS = (
					"DEBUG=1",
					"$(inherited)",
				);
				GCC_WARN_64_TO_32_BIT_CONVERSION = YES;
				GCC_WARN_ABOUT_RETURN_TYPE = YES_ERROR;
				GCC_WARN_UNDECLARED_SELECTOR = YES;
				GCC_WARN_UNINITIALIZED_AUTOS = YES_AGGRESSIVE;
				GCC_WARN_UNUSED_FUNCTION = YES;
				GCC_WARN_UNUSED_VARIABLE = YES;
				IPHONEOS_DEPLOYMENT_TARGET = 18.4;
				LOCALIZATION_PREFERS_STRING_CATALOGS = YES;
				MTL_ENABLE_DEBUG_INFO = INCLUDE_SOURCE;
				MTL_FAST_MATH = YES;
				ONLY_ACTIVE_ARCH = YES;
				SDKROOT = iphoneos;
				SWIFT_ACTIVE_COMPILATION_CONDITIONS = "DEBUG $(inherited)";
				SWIFT_OPTIMIZATION_LEVEL = "-Onone";
			};
			name = Debug;
		};
		3BFB23D12E41EF860014FB04 /* Release */ = {
			isa = XCBuildConfiguration;
			buildSettings = {
				ALWAYS_SEARCH_USER_PATHS = NO;
				ASSETCATALOG_COMPILER_GENERATE_SWIFT_ASSET_SYMBOL_EXTENSIONS = YES;
				CLANG_ANALYZER_NONNULL = YES;
				CLANG_ANALYZER_NUMBER_OBJECT_CONVERSION = YES_AGGRESSIVE;
				CLANG_CXX_LANGUAGE_STANDARD = "gnu++20";
				CLANG_ENABLE_MODULES = YES;
				CLANG_ENABLE_OBJC_ARC = YES;
				CLANG_ENABLE_OBJC_WEAK = YES;
				CLANG_WARN_BLOCK_CAPTURE_AUTORELEASING = YES;
				CLANG_WARN_BOOL_CONVERSION = YES;
				CLANG_WARN_COMMA = YES;
				CLANG_WARN_CONSTANT_CONVERSION = YES;
				CLANG_WARN_DEPRECATED_OBJC_IMPLEMENTATIONS = YES;
				CLANG_WARN_DIRECT_OBJC_ISA_USAGE = YES_ERROR;
				CLANG_WARN_DOCUMENTATION_COMMENTS = YES;
				CLANG_WARN_EMPTY_BODY = YES;
				CLANG_WARN_ENUM_CONVERSION = YES;
				CLANG_WARN_INFINITE_RECURSION = YES;
				CLANG_WARN_INT_CONVERSION = YES;
				CLANG_WARN_NON_LITERAL_NULL_CONVERSION = YES;
				CLANG_WARN_OBJC_IMPLICIT_RETAIN_SELF = YES;
				CLANG_WARN_OBJC_LITERAL_CONVERSION = YES;
				CLANG_WARN_OBJC_ROOT_CLASS = YES_ERROR;
				CLANG_WARN_QUOTED_INCLUDE_IN_FRAMEWORK_HEADER = YES;
				CLANG_WARN_RANGE_LOOP_ANALYSIS = YES;
				CLANG_WARN_STRICT_PROTOTYPES = YES;
				CLANG_WARN_SUSPICIOUS_MOVE = YES;
				CLANG_WARN_UNGUARDED_AVAILABILITY = YES_AGGRESSIVE;
				CLANG_WARN_UNREACHABLE_CODE = YES;
				CLANG_WARN__DUPLICATE_METHOD_MATCH = YES;
				COPY_PHASE_STRIP = NO;
				DEBUG_INFORMATION_FORMAT = "dwarf-with-dsym";
				DEVELOPMENT_TEAM = 4PLCRBSSNK;
				ENABLE_NS_ASSERTIONS = NO;
				ENABLE_STRICT_OBJC_MSGSEND = YES;
				ENABLE_USER_SCRIPT_SANDBOXING = YES;
				GCC_C_LANGUAGE_STANDARD = gnu17;
				GCC_NO_COMMON_BLOCKS = YES;
				GCC_WARN_64_TO_32_BIT_CONVERSION = YES;
				GCC_WARN_ABOUT_RETURN_TYPE = YES_ERROR;
				GCC_WARN_UNDECLARED_SELECTOR = YES;
				GCC_WARN_UNINITIALIZED_AUTOS = YES_AGGRESSIVE;
				GCC_WARN_UNUSED_FUNCTION = YES;
				GCC_WARN_UNUSED_VARIABLE = YES;
				IPHONEOS_DEPLOYMENT_TARGET = 18.4;
				LOCALIZATION_PREFERS_STRING_CATALOGS = YES;
				MTL_ENABLE_DEBUG_INFO = NO;
				MTL_FAST_MATH = YES;
				SDKROOT = iphoneos;
				SWIFT_COMPILATION_MODE = wholemodule;
				VALIDATE_PRODUCT = YES;
			};
			name = Release;
		};
		3BFB23D32E41EF860014FB04 /* Debug */ = {
			isa = XCBuildConfiguration;
			buildSettings = {
				ASSETCATALOG_COMPILER_APPICON_NAME = AppIcon;
				ASSETCATALOG_COMPILER_GLOBAL_ACCENT_COLOR_NAME = AccentColor;
				CODE_SIGN_STYLE = Automatic;
				CURRENT_PROJECT_VERSION = 1;
				DEVELOPMENT_TEAM = 4PLCRBSSNK;
				ENABLE_PREVIEWS = YES;
				GENERATE_INFOPLIST_FILE = YES;
				INFOPLIST_KEY_UIApplicationSceneManifest_Generation = YES;
				INFOPLIST_KEY_UIApplicationSupportsIndirectInputEvents = YES;
				INFOPLIST_KEY_UILaunchScreen_Generation = YES;
				INFOPLIST_KEY_UISupportedInterfaceOrientations_iPad = "UIInterfaceOrientationPortrait UIInterfaceOrientationPortraitUpsideDown UIInterfaceOrientationLandscapeLeft UIInterfaceOrientationLandscapeRight";
				INFOPLIST_KEY_UISupportedInterfaceOrientations_iPhone = "UIInterfaceOrientationPortrait UIInterfaceOrientationLandscapeLeft UIInterfaceOrientationLandscapeRight";
				LD_RUNPATH_SEARCH_PATHS = (
					"$(inherited)",
					"@executable_path/Frameworks",
				);
				MARKETING_VERSION = 1.0;
				PRODUCT_BUNDLE_IDENTIFIER = Raneem.BloomingBooks;
				PRODUCT_NAME = "$(TARGET_NAME)";
				SWIFT_EMIT_LOC_STRINGS = YES;
				SWIFT_VERSION = 5.0;
				TARGETED_DEVICE_FAMILY = "1,2";
			};
			name = Debug;
		};
		3BFB23D42E41EF860014FB04 /* Release */ = {
			isa = XCBuildConfiguration;
			buildSettings = {
				ASSETCATALOG_COMPILER_APPICON_NAME = AppIcon;
				ASSETCATALOG_COMPILER_GLOBAL_ACCENT_COLOR_NAME = AccentColor;
				CODE_SIGN_STYLE = Automatic;
				CURRENT_PROJECT_VERSION = 1;
				DEVELOPMENT_TEAM = 4PLCRBSSNK;
				ENABLE_PREVIEWS = YES;
				GENERATE_INFOPLIST_FILE = YES;
				INFOPLIST_KEY_UIApplicationSceneManifest_Generation = YES;
				INFOPLIST_KEY_UIApplicationSupportsIndirectInputEvents = YES;
				INFOPLIST_KEY_UILaunchScreen_Generation = YES;
				INFOPLIST_KEY_UISupportedInterfaceOrientations_iPad = "UIInterfaceOrientationPortrait UIInterfaceOrientationPortraitUpsideDown UIInterfaceOrientationLandscapeLeft UIInterfaceOrientationLandscapeRight";
				INFOPLIST_KEY_UISupportedInterfaceOrientations_iPhone = "UIInterfaceOrientationPortrait UIInterfaceOrientationLandscapeLeft UIInterfaceOrientationLandscapeRight";
				LD_RUNPATH_SEARCH_PATHS = (
					"$(inherited)",
					"@executable_path/Frameworks",
				);
				MARKETING_VERSION = 1.0;
				PRODUCT_BUNDLE_IDENTIFIER = Raneem.BloomingBooks;
				PRODUCT_NAME = "$(TARGET_NAME)";
				SWIFT_EMIT_LOC_STRINGS = YES;
				SWIFT_VERSION = 5.0;
				TARGETED_DEVICE_FAMILY = "1,2";
			};
			name = Release;
		};
		3BFB23D62E41EF860014FB04 /* Debug */ = {
			isa = XCBuildConfiguration;
			buildSettings = {
				BUNDLE_LOADER = "$(TEST_HOST)";
				CODE_SIGN_STYLE = Automatic;
				CURRENT_PROJECT_VERSION = 1;
				DEVELOPMENT_TEAM = 4PLCRBSSNK;
				GENERATE_INFOPLIST_FILE = YES;
				IPHONEOS_DEPLOYMENT_TARGET = 18.4;
				MARKETING_VERSION = 1.0;
				PRODUCT_BUNDLE_IDENTIFIER = Raneem.BloomingBooksTests;
				PRODUCT_NAME = "$(TARGET_NAME)";
				SWIFT_EMIT_LOC_STRINGS = NO;
				SWIFT_VERSION = 5.0;
				TARGETED_DEVICE_FAMILY = "1,2";
				TEST_HOST = "$(BUILT_PRODUCTS_DIR)/BloomingBooks.app/$(BUNDLE_EXECUTABLE_FOLDER_PATH)/BloomingBooks";
			};
			name = Debug;
		};
		3BFB23D72E41EF860014FB04 /* Release */ = {
			isa = XCBuildConfiguration;
			buildSettings = {
				BUNDLE_LOADER = "$(TEST_HOST)";
				CODE_SIGN_STYLE = Automatic;
				CURRENT_PROJECT_VERSION = 1;
				DEVELOPMENT_TEAM = 4PLCRBSSNK;
				GENERATE_INFOPLIST_FILE = YES;
				IPHONEOS_DEPLOYMENT_TARGET = 18.4;
				MARKETING_VERSION = 1.0;
				PRODUCT_BUNDLE_IDENTIFIER = Raneem.BloomingBooksTests;
				PRODUCT_NAME = "$(TARGET_NAME)";
				SWIFT_EMIT_LOC_STRINGS = NO;
				SWIFT_VERSION = 5.0;
				TARGETED_DEVICE_FAMILY = "1,2";
				TEST_HOST = "$(BUILT_PRODUCTS_DIR)/BloomingBooks.app/$(BUNDLE_EXECUTABLE_FOLDER_PATH)/BloomingBooks";
			};
			name = Release;
		};
		3BFB23D92E41EF860014FB04 /* Debug */ = {
			isa = XCBuildConfiguration;
			buildSettings = {
				CODE_SIGN_STYLE = Automatic;
				CURRENT_PROJECT_VERSION = 1;
				DEVELOPMENT_TEAM = 4PLCRBSSNK;
				GENERATE_INFOPLIST_FILE = YES;
				MARKETING_VERSION = 1.0;
				PRODUCT_BUNDLE_IDENTIFIER = Raneem.BloomingBooksUITests;
				PRODUCT_NAME = "$(TARGET_NAME)";
				SWIFT_EMIT_LOC_STRINGS = NO;
				SWIFT_VERSION = 5.0;
				TARGETED_DEVICE_FAMILY = "1,2";
				TEST_TARGET_NAME = BloomingBooks;
			};
			name = Debug;
		};
		3BFB23DA2E41EF860014FB04 /* Release */ = {
			isa = XCBuildConfiguration;
			buildSettings = {
				CODE_SIGN_STYLE = Automatic;
				CURRENT_PROJECT_VERSION = 1;
				DEVELOPMENT_TEAM = 4PLCRBSSNK;
				GENERATE_INFOPLIST_FILE = YES;
				MARKETING_VERSION = 1.0;
				PRODUCT_BUNDLE_IDENTIFIER = Raneem.BloomingBooksUITests;
				PRODUCT_NAME = "$(TARGET_NAME)";
				SWIFT_EMIT_LOC_STRINGS = NO;
				SWIFT_VERSION = 5.0;
				TARGETED_DEVICE_FAMILY = "1,2";
				TEST_TARGET_NAME = BloomingBooks;
			};
			name = Release;
		};
/* End XCBuildConfiguration section */

/* Begin XCConfigurationList section */
		3BFB23AC2E41EF840014FB04 /* Build configuration list for PBXProject "BloomingBooks" */ = {
			isa = XCConfigurationList;
			buildConfigurations = (
				3BFB23D02E41EF860014FB04 /* Debug */,
				3BFB23D12E41EF860014FB04 /* Release */,
			);
			defaultConfigurationIsVisible = 0;
			defaultConfigurationName = Release;
		};
		3BFB23D22E41EF860014FB04 /* Build configuration list for PBXNativeTarget "BloomingBooks" */ = {
			isa = XCConfigurationList;
			buildConfigurations = (
				3BFB23D32E41EF860014FB04 /* Debug */,
				3BFB23D42E41EF860014FB04 /* Release */,
			);
			defaultConfigurationIsVisible = 0;
			defaultConfigurationName = Release;
		};
		3BFB23D52E41EF860014FB04 /* Build configuration list for PBXNativeTarget "BloomingBooksTests" */ = {
			isa = XCConfigurationList;
			buildConfigurations = (
				3BFB23D62E41EF860014FB04 /* Debug */,
				3BFB23D72E41EF860014FB04 /* Release */,
			);
			defaultConfigurationIsVisible = 0;
			defaultConfigurationName = Release;
		};
		3BFB23D82E41EF860014FB04 /* Build configuration list for PBXNativeTarget "BloomingBooksUITests" */ = {
			isa = XCConfigurationList;
			buildConfigurations = (
				3BFB23D92E41EF860014FB04 /* Debug */,
				3BFB23DA2E41EF860014FB04 /* Release */,
			);
			defaultConfigurationIsVisible = 0;
			defaultConfigurationName = Release;
		};
/* End XCConfigurationList section */
	};
	rootObject = 3BFB23A92E41EF840014FB04 /* Project object */;
}
